
Microsoft Visual Studio Solution File, Format Version 12.00
# Visual Studio Version 17
VisualStudioVersion = 17.3.32929.385
MinimumVisualStudioVersion = 10.0.40219.1
Project("{FAE04EC0-301F-11D3-BF4B-00C04F79EFBC}") = "Tetris", "Tetris\Tetris.csproj", "{5F7242D4-DC1D-4B44-B6E9-7E1270071455}"
EndProject
Global
	GlobalSection(SolutionConfigurationPlatforms) = preSolution
		Debug|Any CPU = Debug|Any CPU
		Release|Any CPU = Release|Any CPU
	EndGlobalSection
	GlobalSection(ProjectConfigurationPlatforms) = postSolution
		{5F7242D4-DC1D-4B44-B6E9-7E1270071455}.Debug|Any CPU.ActiveCfg = Debug|Any CPU
		{5F7242D4-DC1D-4B44-B6E9-7E1270071455}.Debug|Any CPU.Build.0 = Debug|Any CPU
		{5F7242D4-DC1D-4B44-B6E9-7E1270071455}.Release|Any CPU.ActiveCfg = Release|Any CPU
		{5F7242D4-DC1D-4B44-B6E9-7E1270071455}.Release|Any CPU.Build.0 = Release|Any CPU
	EndGlobalSection
	GlobalSection(SolutionProperties) = preSolution
		HideSolutionNode = FALSE
	EndGlobalSection
	GlobalSection(ExtensibilityGlobals) = postSolution
		SolutionGuid = {1FAE2E7E-38B3-4ADC-A893-053C2F07DE75}
	EndGlobalSection
EndGlobal
